
Microsoft Visual Studio Solution File, Format Version 12.00
# Visual Studio Version 17
VisualStudioVersion = 17.2.32516.85
MinimumVisualStudioVersion = 10.0.40219.1
Project("{FAE04EC0-301F-11D3-BF4B-00C04F79EFBC}") = "UserServiceConsoleApp", "UserServiceConsoleApp\UserServiceConsoleApp.csproj", "{F9A2DB57-7034-4E5D-9CF2-61DD2D9132DC}"
EndProject
Global
	GlobalSection(SolutionConfigurationPlatforms) = preSolution
		Debug|Any CPU = Debug|Any CPU
		Release|Any CPU = Release|Any CPU
	EndGlobalSection
	GlobalSection(ProjectConfigurationPlatforms) = postSolution
		{F9A2DB57-7034-4E5D-9CF2-61DD2D9132DC}.Debug|Any CPU.ActiveCfg = Debug|Any CPU
		{F9A2DB57-7034-4E5D-9CF2-61DD2D9132DC}.Debug|Any CPU.Build.0 = Debug|Any CPU
		{F9A2DB57-7034-4E5D-9CF2-61DD2D9132DC}.Release|Any CPU.ActiveCfg = Release|Any CPU
		{F9A2DB57-7034-4E5D-9CF2-61DD2D9132DC}.Release|Any CPU.Build.0 = Release|Any CPU
	EndGlobalSection
	GlobalSection(SolutionProperties) = preSolution
		HideSolutionNode = FALSE
	EndGlobalSection
	GlobalSection(ExtensibilityGlobals) = postSolution
		SolutionGuid = {7C793F0A-5DA0-40E0-9A1E-8D8C16A9F9AA}
	EndGlobalSection
EndGlobal
